<?xml version="1.0" encoding="utf-8"?>
<Project ToolsVersion="4.0" xmlns="http://schemas.microsoft.com/developer/msbuild/2003">
  <ItemGroup>
    <Filter Include="Source Files">
      <UniqueIdentifier>{4FC737F1-C7A5-4376-A066-2A32D752A2FF}</UniqueIdentifier>
      <Extensions>cpp;c;cc;cxx;def;odl;idl;hpj;bat;asm;asmx</Extensions>
    </Filter>
    <Filter Include="Source Files\TO DO">
      <UniqueIdentifier>{458090d2-9d97-4298-98ca-b334d1b42aaa}</UniqueIdentifier>
    </Filter>
    <Filter Include="Source Files\Base Code">
      <UniqueIdentifier>{e07a0bbf-fbfb-4f1e-b278-74e48cda71b4}</UniqueIdentifier>
    </Filter>
    <Filter Include="Header Files">
      <UniqueIdentifier>{93995380-89BD-4b04-88EB-625FBE52EBFB}</UniqueIdentifier>
      <Extensions>h;hpp;hxx;hm;inl;inc;xsd</Extensions>
    </Filter>
    <Filter Include="Header Files\TO DO">
      <UniqueIdentifier>{4e40cc2e-9c90-4a36-8373-61a0606e1c2f}</UniqueIdentifier>
    </Filter>
    <Filter Include="Header Files\Base Code">
      <UniqueIdentifier>{435ab079-89a1-4341-85b5-aab5f7addb58}</UniqueIdentifier>
    </Filter>
    <Filter Include="Resource Files">
      <UniqueIdentifier>{67DA6AB6-F800-4c08-8B7A-83BB121AAD01}</UniqueIdentifier>
      <Extensions>rc;ico;cur;bmp;dlg;rc2;rct;bin;rgs;gif;jpg;jpeg;jpe;resx;tiff;tif;png;wav</Extensions>
    </Filter>
  </ItemGroup>
  <ItemGroup>
    <ClCompile Include="..\Advanced Collisions Lib\Advanced Collisions.cpp">
      <Filter>Source Files\TO DO</Filter>
    </ClCompile>
    <ClCompile Include="Capsule Collisions.cpp">
      <Filter>Source Files\TO DO</Filter>
    </ClCompile>
    <ClCompile Include="..\EDBase\BMPFile.cpp">
      <Filter>Source Files\Base Code</Filter>
    </ClCompile>
    <ClCompile Include="..\EDAppTwo\EDApp.cpp">
      <Filter>Source Files\Base Code</Filter>
    </ClCompile>
    <ClCompile Include="..\EDBase\EDCamera.cpp">
      <Filter>Source Files\Base Code</Filter>
    </ClCompile>
    <ClCompile Include="..\EDBase\EDCommon.cpp">
      <Filter>Source Files\Base Code</Filter>
    </ClCompile>
    <ClCompile Include="..\EDBase\EDDemo.cpp">
      <Filter>Source Files\Base Code</Filter>
    </ClCompile>
    <ClCompile Include="..\EDBase\extgl.c">
      <Filter>Source Files\Base Code</Filter>
    </ClCompile>
    <ClCompile Include="..\MayaBin Lib\MayaBin.cpp">
      <Filter>Source Files\Base Code</Filter>
    </ClCompile>
  </ItemGroup>
  <ItemGroup>
    <ClInclude Include="..\Advanced Collisions Lib\Advanced Collisions.h">
      <Filter>Header Files\TO DO</Filter>
    </ClInclude>
    <ClInclude Include="Capsule Collisions.h">
      <Filter>Header Files\TO DO</Filter>
    </ClInclude>
    <ClInclude Include="..\EDAppTwo\EDApp.h">
      <Filter>Header Files\Base Code</Filter>
    </ClInclude>
  </ItemGroup>
</Project>