
Microsoft Visual Studio Solution File, Format Version 12.00
# Visual Studio 2013
VisualStudioVersion = 12.0.40629.0
MinimumVisualStudioVersion = 10.0.40219.1
Project("{8BC9CEB8-8B4A-11D0-8D11-00A0C91BC942}") = "KdTree", "CapsuleSphere\CapsuleSphere.vcxproj", "{9F4CB6F1-332A-440A-AB17-CB245BBC1530}"
EndProject
Global
	GlobalSection(SolutionConfigurationPlatforms) = preSolution
		Debug|Win32 = Debug|Win32
		Release|Win32 = Release|Win32
	EndGlobalSection
	GlobalSection(ProjectConfigurationPlatforms) = postSolution
		{9F4CB6F1-332A-440A-AB17-CB245BBC1530}.Debug|Win32.ActiveCfg = Debug|Win32
		{9F4CB6F1-332A-440A-AB17-CB245BBC1530}.Debug|Win32.Build.0 = Debug|Win32
		{9F4CB6F1-332A-440A-AB17-CB245BBC1530}.Release|Win32.ActiveCfg = Release|Win32
		{9F4CB6F1-332A-440A-AB17-CB245BBC1530}.Release|Win32.Build.0 = Release|Win32
	EndGlobalSection
	GlobalSection(SolutionProperties) = preSolution
		HideSolutionNode = FALSE
	EndGlobalSection
EndGlobal
