<?xml version="1.0" encoding="utf-8"?>
<Project ToolsVersion="4.0" xmlns="http://schemas.microsoft.com/developer/msbuild/2003">
  <ItemGroup>
    <Filter Include="Source Files">
      <UniqueIdentifier>{4FC737F1-C7A5-4376-A066-2A32D752A2FF}</UniqueIdentifier>
      <Extensions>cpp;c;cc;cxx;def;odl;idl;hpj;bat;asm;asmx</Extensions>
    </Filter>
    <Filter Include="Source Files\TODO">
      <UniqueIdentifier>{c0015605-afa3-4d0c-a8ed-a2b654d82c17}</UniqueIdentifier>
    </Filter>
    <Filter Include="Source Files\BaseCode">
      <UniqueIdentifier>{39019d78-3fa3-4302-ad73-423641694775}</UniqueIdentifier>
    </Filter>
    <Filter Include="Header Files">
      <UniqueIdentifier>{93995380-89BD-4b04-88EB-625FBE52EBFB}</UniqueIdentifier>
      <Extensions>h;hpp;hxx;hm;inl;inc;xsd</Extensions>
    </Filter>
    <Filter Include="Resource Files">
      <UniqueIdentifier>{67DA6AB6-F800-4c08-8B7A-83BB121AAD01}</UniqueIdentifier>
      <Extensions>rc;ico;cur;bmp;dlg;rc2;rct;bin;rgs;gif;jpg;jpeg;jpe;resx;tiff;tif;png;wav</Extensions>
    </Filter>
  </ItemGroup>
  <ItemGroup>
    <ClCompile Include="EDCamera.cpp">
      <Filter>Source Files\BaseCode</Filter>
    </ClCompile>
    <ClCompile Include="EDCommon.cpp">
      <Filter>Source Files\BaseCode</Filter>
    </ClCompile>
    <ClCompile Include="GLMain.cpp">
      <Filter>Source Files\BaseCode</Filter>
    </ClCompile>
    <ClCompile Include="EDApp.cpp">
      <Filter>Source Files\BaseCode</Filter>
    </ClCompile>
    <ClCompile Include="..\CollisionLibrary\CollisionLibrary.cpp">
      <Filter>Source Files\TODO</Filter>
    </ClCompile>
  </ItemGroup>
  <ItemGroup>
    <ClInclude Include="EDApp.h">
      <Filter>Header Files</Filter>
    </ClInclude>
    <ClInclude Include="EDCamera.h">
      <Filter>Header Files</Filter>
    </ClInclude>
    <ClInclude Include="EDCommon.h">
      <Filter>Header Files</Filter>
    </ClInclude>
    <ClInclude Include="EDDefault.h">
      <Filter>Header Files</Filter>
    </ClInclude>
    <ClInclude Include="EDFrame.h">
      <Filter>Header Files</Filter>
    </ClInclude>
    <ClInclude Include="GL.h">
      <Filter>Header Files</Filter>
    </ClInclude>
    <ClInclude Include="GLU.h">
      <Filter>Header Files</Filter>
    </ClInclude>
    <ClInclude Include="matrix3.h">
      <Filter>Header Files</Filter>
    </ClInclude>
    <ClInclude Include="matrix4.h">
      <Filter>Header Files</Filter>
    </ClInclude>
    <ClInclude Include="Timer.h">
      <Filter>Header Files</Filter>
    </ClInclude>
    <ClInclude Include="vec3.h">
      <Filter>Header Files</Filter>
    </ClInclude>
    <ClInclude Include="vec4.h">
      <Filter>Header Files</Filter>
    </ClInclude>
    <ClInclude Include="..\CollisionLibrary\CollisionLibrary.h">
      <Filter>Header Files</Filter>
    </ClInclude>
  </ItemGroup>
</Project>